
Microsoft Visual Studio Solution File, Format Version 12.00
# Visual Studio Version 17
VisualStudioVersion = 17.7.34003.232
MinimumVisualStudioVersion = 10.0.40219.1
Project("{FAE04EC0-301F-11D3-BF4B-00C04F79EFBC}") = "Dolgozat", "Dolgozat\Dolgozat.csproj", "{01DC9EAA-39DF-4B99-8AC6-5C253B9595C4}"
EndProject
Project("{FAE04EC0-301F-11D3-BF4B-00C04F79EFBC}") = "Számlaosztály", "ClassLibrary\Számlaosztály.csproj", "{8B8F854E-A2D0-43E3-A720-54FEBF7D823A}"
EndProject
Project("{FAE04EC0-301F-11D3-BF4B-00C04F79EFBC}") = "ConsoleApp1", "ConsoleApp1\ConsoleApp1.csproj", "{74FC1C35-B503-4CDC-93D3-673122FB7980}"
EndProject
Global
	GlobalSection(SolutionConfigurationPlatforms) = preSolution
		Debug|Any CPU = Debug|Any CPU
		Release|Any CPU = Release|Any CPU
	EndGlobalSection
	GlobalSection(ProjectConfigurationPlatforms) = postSolution
		{01DC9EAA-39DF-4B99-8AC6-5C253B9595C4}.Debug|Any CPU.ActiveCfg = Debug|Any CPU
		{01DC9EAA-39DF-4B99-8AC6-5C253B9595C4}.Debug|Any CPU.Build.0 = Debug|Any CPU
		{01DC9EAA-39DF-4B99-8AC6-5C253B9595C4}.Release|Any CPU.ActiveCfg = Release|Any CPU
		{01DC9EAA-39DF-4B99-8AC6-5C253B9595C4}.Release|Any CPU.Build.0 = Release|Any CPU
		{8B8F854E-A2D0-43E3-A720-54FEBF7D823A}.Debug|Any CPU.ActiveCfg = Debug|Any CPU
		{8B8F854E-A2D0-43E3-A720-54FEBF7D823A}.Debug|Any CPU.Build.0 = Debug|Any CPU
		{8B8F854E-A2D0-43E3-A720-54FEBF7D823A}.Release|Any CPU.ActiveCfg = Release|Any CPU
		{8B8F854E-A2D0-43E3-A720-54FEBF7D823A}.Release|Any CPU.Build.0 = Release|Any CPU
		{74FC1C35-B503-4CDC-93D3-673122FB7980}.Debug|Any CPU.ActiveCfg = Debug|Any CPU
		{74FC1C35-B503-4CDC-93D3-673122FB7980}.Debug|Any CPU.Build.0 = Debug|Any CPU
		{74FC1C35-B503-4CDC-93D3-673122FB7980}.Release|Any CPU.ActiveCfg = Release|Any CPU
		{74FC1C35-B503-4CDC-93D3-673122FB7980}.Release|Any CPU.Build.0 = Release|Any CPU
	EndGlobalSection
	GlobalSection(SolutionProperties) = preSolution
		HideSolutionNode = FALSE
	EndGlobalSection
	GlobalSection(ExtensibilityGlobals) = postSolution
		SolutionGuid = {83DB17C8-A05A-491E-ADE1-E17AF6FB2493}
	EndGlobalSection
EndGlobal
